// !$*UTF8*$!
{
	archiveVersion = 1;
	classes = {
	};
	objectVersion = 46;
	objects = {

/* Begin PBXBuildFile section */
		790134D31D6E91DE0067675A /* AppDelegate.swift in Sources */ = {isa = PBXBuildFile; fileRef = 790134D21D6E91DE0067675A /* AppDelegate.swift */; };
		790134D51D6E91DE0067675A /* ViewController.swift in Sources */ = {isa = PBXBuildFile; fileRef = 790134D41D6E91DE0067675A /* ViewController.swift */; };
		790134D81D6E91DE0067675A /* Main.storyboard in Resources */ = {isa = PBXBuildFile; fileRef = 790134D61D6E91DE0067675A /* Main.storyboard */; };
		790134DA1D6E91DE0067675A /* Assets.xcassets in Resources */ = {isa = PBXBuildFile; fileRef = 790134D91D6E91DE0067675A /* Assets.xcassets */; };
		790134DD1D6E91DE0067675A /* LaunchScreen.storyboard in Resources */ = {isa = PBXBuildFile; fileRef = 790134DB1D6E91DE0067675A /* LaunchScreen.storyboard */; };
		790134E51D6E9D750067675A /* level1.txt in Resources */ = {isa = PBXBuildFile; fileRef = 790134E41D6E9D750067675A /* level1.txt */; };
/* End PBXBuildFile section */

/* Begin PBXFileReference section */
		790134CF1D6E91DE0067675A /* Swifty Words.app */ = {isa = PBXFileReference; explicitFileType = wrapper.application; includeInIndex = 0; path = "Swifty Words.app"; sourceTree = BUILT_PRODUCTS_DIR; };
		790134D21D6E91DE0067675A /* AppDelegate.swift */ = {isa = PBXFileReference; lastKnownFileType = sourcecode.swift; path = AppDelegate.swift; sourceTree = "<group>"; };
		790134D41D6E91DE0067675A /* ViewController.swift */ = {isa = PBXFileReference; lastKnownFileType = sourcecode.swift; path = ViewController.swift; sourceTree = "<group>"; };
		790134D71D6E91DE0067675A /* Base */ = {isa = PBXFileReference; lastKnownFileType = file.storyboard; name = Base; path = Base.lproj/Main.storyboard; sourceTree = "<group>"; };
		790134D91D6E91DE0067675A /* Assets.xcassets */ = {isa = PBXFileReference; lastKnownFileType = folder.assetcatalog; path = Assets.xcassets; sourceTree = "<group>"; };
		790134DC1D6E91DE0067675A /* Base */ = {isa = PBXFileReference; lastKnownFileType = file.storyboard; name = Base; path = Base.lproj/LaunchScreen.storyboard; sourceTree = "<group>"; };
		790134DE1D6E91DE0067675A /* Info.plist */ = {isa = PBXFileReference; lastKnownFileType = text.plist.xml; path = Info.plist; sourceTree = "<group>"; };
		790134E41D6E9D750067675A /* level1.txt */ = {isa = PBXFileReference; fileEncoding = 4; lastKnownFileType = text; path = level1.txt; sourceTree = "<group>"; };
/* End PBXFileReference section */

/* Begin PBXFrameworksBuildPhase section */
		790134CC1D6E91DD0067675A /* Frameworks */ = {
			isa = PBXFrameworksBuildPhase;
			buildActionMask = 2147483647;
			files = (
			);
			runOnlyForDeploymentPostprocessing = 0;
		};
/* End PBXFrameworksBuildPhase section */

/* Begin PBXGroup section */
		790134C61D6E91DD0067675A = {
			isa = PBXGroup;
			children = (
				790134D11D6E91DE0067675A /* Swifty Words */,
				790134D01D6E91DE0067675A /* Products */,
			);
			sourceTree = "<group>";
		};
		790134D01D6E91DE0067675A /* Products */ = {
			isa = PBXGroup;
			children = (
				790134CF1D6E91DE0067675A /* Swifty Words.app */,
			);
			name = Products;
			sourceTree = "<group>";
		};
		790134D11D6E91DE0067675A /* Swifty Words */ = {
			isa = PBXGroup;
			children = (
				790134D21D6E91DE0067675A /* AppDelegate.swift */,
				790134D41D6E91DE0067675A /* ViewController.swift */,
				790134D61D6E91DE0067675A /* Main.storyboard */,
				790134D91D6E91DE0067675A /* Assets.xcassets */,
				790134DB1D6E91DE0067675A /* LaunchScreen.storyboard */,
				790134DE1D6E91DE0067675A /* Info.plist */,
				790134E41D6E9D750067675A /* level1.txt */,
			);
			path = "Swifty Words";
			sourceTree = "<group>";
		};
/* End PBXGroup section */

/* Begin PBXNativeTarget section */
		790134CE1D6E91DD0067675A /* Swifty Words */ = {
			isa = PBXNativeTarget;
			buildConfigurationList = 790134E11D6E91DE0067675A /* Build configuration list for PBXNativeTarget "Swifty Words" */;
			buildPhases = (
				790134CB1D6E91DD0067675A /* Sources */,
				790134CC1D6E91DD0067675A /* Frameworks */,
				790134CD1D6E91DD0067675A /* Resources */,
			);
			buildRules = (
			);
			dependencies = (
			);
			name = "Swifty Words";
			productName = "Swifty Words";
			productReference = 790134CF1D6E91DE0067675A /* Swifty Words.app */;
			productType = "com.apple.product-type.application";
		};
/* End PBXNativeTarget section */

/* Begin PBXProject section */
		790134C71D6E91DD0067675A /* Project object */ = {
			isa = PBXProject;
			attributes = {
				LastSwiftUpdateCheck = 0800;
				LastUpgradeCheck = 0800;
				ORGANIZATIONNAME = "Ethan Thomas";
				TargetAttributes = {
					790134CE1D6E91DD0067675A = {
						CreatedOnToolsVersion = 8.0;
						DevelopmentTeam = 5SBW7AT5HT;
						ProvisioningStyle = Automatic;
					};
				};
			};
			buildConfigurationList = 790134CA1D6E91DD0067675A /* Build configuration list for PBXProject "Swifty Words" */;
			compatibilityVersion = "Xcode 3.2";
			developmentRegion = English;
			hasScannedForEncodings = 0;
			knownRegions = (
				en,
				Base,
			);
			mainGroup = 790134C61D6E91DD0067675A;
			productRefGroup = 790134D01D6E91DE0067675A /* Products */;
			projectDirPath = "";
			projectRoot = "";
			targets = (
				790134CE1D6E91DD0067675A /* Swifty Words */,
			);
		};
/* End PBXProject section */

/* Begin PBXResourcesBuildPhase section */
		790134CD1D6E91DD0067675A /* Resources */ = {
			isa = PBXResourcesBuildPhase;
			buildActionMask = 2147483647;
			files = (
				790134DD1D6E91DE0067675A /* LaunchScreen.storyboard in Resources */,
				790134E51D6E9D750067675A /* level1.txt in Resources */,
				790134DA1D6E91DE0067675A /* Assets.xcassets in Resources */,
				790134D81D6E91DE0067675A /* Main.storyboard in Resources */,
			);
			runOnlyForDeploymentPostprocessing = 0;
		};
/* End PBXResourcesBuildPhase section */

/* Begin PBXSourcesBuildPhase section */
		790134CB1D6E91DD0067675A /* Sources */ = {
			isa = PBXSourcesBuildPhase;
			buildActionMask = 2147483647;
			files = (
				790134D51D6E91DE0067675A /* ViewController.swift in Sources */,
				790134D31D6E91DE0067675A /* AppDelegate.swift in Sources */,
			);
			runOnlyForDeploymentPostprocessing = 0;
		};
/* End PBXSourcesBuildPhase section */

/* Begin PBXVariantGroup section */
		790134D61D6E91DE0067675A /* Main.storyboard */ = {
			isa = PBXVariantGroup;
			children = (
				790134D71D6E91DE0067675A /* Base */,
			);
			name = Main.storyboard;
			sourceTree = "<group>";
		};
		790134DB1D6E91DE0067675A /* LaunchScreen.storyboard */ = {
			isa = PBXVariantGroup;
			children = (
				790134DC1D6E91DE0067675A /* Base */,
			);
			name = LaunchScreen.storyboard;
			sourceTree = "<group>";
		};
/* End PBXVariantGroup section */

/* Begin XCBuildConfiguration section */
		790134DF1D6E91DE0067675A /* Debug */ = {
			isa = XCBuildConfiguration;
			buildSettings = {
				ALWAYS_SEARCH_USER_PATHS = NO;
				CLANG_ANALYZER_NONNULL = YES;
				CLANG_CXX_LANGUAGE_STANDARD = "gnu++0x";
				CLANG_CXX_LIBRARY = "libc++";
				CLANG_ENABLE_MODULES = YES;
				CLANG_ENABLE_OBJC_ARC = YES;
				CLANG_WARN_BOOL_CONVERSION = YES;
				CLANG_WARN_CONSTANT_CONVERSION = YES;
				CLANG_WARN_DIRECT_OBJC_ISA_USAGE = YES_ERROR;
				CLANG_WARN_DOCUMENTATION_COMMENTS = YES;
				CLANG_WARN_EMPTY_BODY = YES;
				CLANG_WARN_ENUM_CONVERSION = YES;
				CLANG_WARN_INFINITE_RECURSION = YES;
				CLANG_WARN_INT_CONVERSION = YES;
				CLANG_WARN_OBJC_ROOT_CLASS = YES_ERROR;
				CLANG_WARN_SUSPICIOUS_MOVES = YES;
				CLANG_WARN_UNREACHABLE_CODE = YES;
				CLANG_WARN__DUPLICATE_METHOD_MATCH = YES;
				"CODE_SIGN_IDENTITY[sdk=iphoneos*]" = "iPhone Developer";
				COPY_PHASE_STRIP = NO;
				DEBUG_INFORMATION_FORMAT = dwarf;
				ENABLE_STRICT_OBJC_MSGSEND = YES;
				ENABLE_TESTABILITY = YES;
				GCC_C_LANGUAGE_STANDARD = gnu99;
				GCC_DYNAMIC_NO_PIC = NO;
				GCC_NO_COMMON_BLOCKS = YES;
				GCC_OPTIMIZATION_LEVEL = 0;
				GCC_PREPROCESSOR_DEFINITIONS = (
					"DEBUG=1",
					"$(inherited)",
				);
				GCC_WARN_64_TO_32_BIT_CONVERSION = YES;
				GCC_WARN_ABOUT_RETURN_TYPE = YES_ERROR;
				GCC_WARN_UNDECLARED_SELECTOR = YES;
				GCC_WARN_UNINITIALIZED_AUTOS = YES_AGGRESSIVE;
				GCC_WARN_UNUSED_FUNCTION = YES;
				GCC_WARN_UNUSED_VARIABLE = YES;
				IPHONEOS_DEPLOYMENT_TARGET = 10.0;
				MTL_ENABLE_DEBUG_INFO = YES;
				ONLY_ACTIVE_ARCH = YES;
				SDKROOT = iphoneos;
				SWIFT_ACTIVE_COMPILATION_CONDITIONS = DEBUG;
				SWIFT_OPTIMIZATION_LEVEL = "-Onone";
				TARGETED_DEVICE_FAMILY = "1,2";
			};
			name = Debug;
		};
		790134E01D6E91DE0067675A /* Release */ = {
			isa = XCBuildConfiguration;
			buildSettings = {
				ALWAYS_SEARCH_USER_PATHS = NO;
				CLANG_ANALYZER_NONNULL = YES;
				CLANG_CXX_LANGUAGE_STANDARD = "gnu++0x";
				CLANG_CXX_LIBRARY = "libc++";
				CLANG_ENABLE_MODULES = YES;
				CLANG_ENABLE_OBJC_ARC = YES;
				CLANG_WARN_BOOL_CONVERSION = YES;
				CLANG_WARN_CONSTANT_CONVERSION = YES;
				CLANG_WARN_DIRECT_OBJC_ISA_USAGE = YES_ERROR;
				CLANG_WARN_DOCUMENTATION_COMMENTS = YES;
				CLANG_WARN_EMPTY_BODY = YES;
				CLANG_WARN_ENUM_CONVERSION = YES;
				CLANG_WARN_INFINITE_RECURSION = YES;
				CLANG_WARN_INT_CONVERSION = YES;
				CLANG_WARN_OBJC_ROOT_CLASS = YES_ERROR;
				CLANG_WARN_SUSPICIOUS_MOVES = YES;
				CLANG_WARN_UNREACHABLE_CODE = YES;
				CLANG_WARN__DUPLICATE_METHOD_MATCH = YES;
				"CODE_SIGN_IDENTITY[sdk=iphoneos*]" = "iPhone Developer";
				COPY_PHASE_STRIP = NO;
				DEBUG_INFORMATION_FORMAT = "dwarf-with-dsym";
				ENABLE_NS_ASSERTIONS = NO;
				ENABLE_STRICT_OBJC_MSGSEND = YES;
				GCC_C_LANGUAGE_STANDARD = gnu99;
				GCC_NO_COMMON_BLOCKS = YES;
				GCC_WARN_64_TO_32_BIT_CONVERSION = YES;
				GCC_WARN_ABOUT_RETURN_TYPE = YES_ERROR;
				GCC_WARN_UNDECLARED_SELECTOR = YES;
				GCC_WARN_UNINITIALIZED_AUTOS = YES_AGGRESSIVE;
				GCC_WARN_UNUSED_FUNCTION = YES;
				GCC_WARN_UNUSED_VARIABLE = YES;
				IPHONEOS_DEPLOYMENT_TARGET = 10.0;
				MTL_ENABLE_DEBUG_INFO = NO;
				SDKROOT = iphoneos;
				SWIFT_OPTIMIZATION_LEVEL = "-Owholemodule";
				TARGETED_DEVICE_FAMILY = "1,2";
				VALIDATE_PRODUCT = YES;
			};
			name = Release;
		};
		790134E21D6E91DE0067675A /* Debug */ = {
			isa = XCBuildConfiguration;
			buildSettings = {
				ASSETCATALOG_COMPILER_APPICON_NAME = AppIcon;
				"CODE_SIGN_IDENTITY[sdk=iphoneos*]" = "iPhone Developer";
				DEVELOPMENT_TEAM = 5SBW7AT5HT;
				INFOPLIST_FILE = "Swifty Words/Info.plist";
				LD_RUNPATH_SEARCH_PATHS = "$(inherited) @executable_path/Frameworks";
				PRODUCT_BUNDLE_IDENTIFIER = "com.ethan.Swifty-Words";
				PRODUCT_NAME = "$(TARGET_NAME)";
				SWIFT_VERSION = 3.0;
			};
			name = Debug;
		};
		790134E31D6E91DE0067675A /* Release */ = {
			isa = XCBuildConfiguration;
			buildSettings = {
				ASSETCATALOG_COMPILER_APPICON_NAME = AppIcon;
				"CODE_SIGN_IDENTITY[sdk=iphoneos*]" = "iPhone Developer";
				DEVELOPMENT_TEAM = 5SBW7AT5HT;
				INFOPLIST_FILE = "Swifty Words/Info.plist";
				LD_RUNPATH_SEARCH_PATHS = "$(inherited) @executable_path/Frameworks";
				PRODUCT_BUNDLE_IDENTIFIER = "com.ethan.Swifty-Words";
				PRODUCT_NAME = "$(TARGET_NAME)";
				SWIFT_VERSION = 3.0;
			};
			name = Release;
		};
/* End XCBuildConfiguration section */

/* Begin XCConfigurationList section */
		790134CA1D6E91DD0067675A /* Build configuration list for PBXProject "Swifty Words" */ = {
			isa = XCConfigurationList;
			buildConfigurations = (
				790134DF1D6E91DE0067675A /* Debug */,
				790134E01D6E91DE0067675A /* Release */,
			);
			defaultConfigurationIsVisible = 0;
			defaultConfigurationName = Release;
		};
		790134E11D6E91DE0067675A /* Build configuration list for PBXNativeTarget "Swifty Words" */ = {
			isa = XCConfigurationList;
			buildConfigurations = (
				790134E21D6E91DE0067675A /* Debug */,
				790134E31D6E91DE0067675A /* Release */,
			);
			defaultConfigurationIsVisible = 0;
		};
/* End XCConfigurationList section */
	};
	rootObject = 790134C71D6E91DD0067675A /* Project object */;
}
